// !$*UTF8*$!
{
	archiveVersion = 1;
	classes = {
	};
	objectVersion = 51;
	objects = {

/* Begin PBXBuildFile section */
		12BAF40F261B00AD001B036C /* AppDelegate.swift in Sources */ = {isa = PBXBuildFile; fileRef = 12BAF40E261B00AD001B036C /* AppDelegate.swift */; };
		12BAF411261B00AD001B036C /* SceneDelegate.swift in Sources */ = {isa = PBXBuildFile; fileRef = 12BAF410261B00AD001B036C /* SceneDelegate.swift */; };
		12BAF413261B00AD001B036C /* ViewController.swift in Sources */ = {isa = PBXBuildFile; fileRef = 12BAF412261B00AD001B036C /* ViewController.swift */; };
		12BAF416261B00AD001B036C /* Main.storyboard in Resources */ = {isa = PBXBuildFile; fileRef = 12BAF414261B00AD001B036C /* Main.storyboard */; };
		12BAF418261B00AF001B036C /* Assets.xcassets in Resources */ = {isa = PBXBuildFile; fileRef = 12BAF417261B00AF001B036C /* Assets.xcassets */; };
		12BAF41B261B00AF001B036C /* LaunchScreen.storyboard in Resources */ = {isa = PBXBuildFile; fileRef = 12BAF419261B00AF001B036C /* LaunchScreen.storyboard */; };
		12BAF424261B01E2001B036C /* QuizViewController.swift in Sources */ = {isa = PBXBuildFile; fileRef = 12BAF423261B01E2001B036C /* QuizViewController.swift */; };
		12BAF427261B029F001B036C /* ScoreViewController.swift in Sources */ = {isa = PBXBuildFile; fileRef = 12BAF426261B029F001B036C /* ScoreViewController.swift */; };
		12BAF42A261B09E1001B036C /* quiz1.csv in Resources */ = {isa = PBXBuildFile; fileRef = 12BAF429261B09E1001B036C /* quiz1.csv */; };
		12BAF433261C6906001B036C /* SelectLevelViewController.swift in Sources */ = {isa = PBXBuildFile; fileRef = 12BAF432261C6906001B036C /* SelectLevelViewController.swift */; };
		12BAF436261C6FDA001B036C /* quiz2.csv in Resources */ = {isa = PBXBuildFile; fileRef = 12BAF435261C6FDA001B036C /* quiz2.csv */; };
		12BAF439261C702C001B036C /* quiz3.csv in Resources */ = {isa = PBXBuildFile; fileRef = 12BAF438261C702C001B036C /* quiz3.csv */; };
		12BAF461261EE96F001B036C /* launchImageView.png in Resources */ = {isa = PBXBuildFile; fileRef = 12BAF460261EE96F001B036C /* launchImageView.png */; };
		12BAF464262002AE001B036C /* mainbgm.mp3 in Resources */ = {isa = PBXBuildFile; fileRef = 12BAF463262002AD001B036C /* mainbgm.mp3 */; };
		12BAF46F26203349001B036C /* startButtonSE.mp3 in Resources */ = {isa = PBXBuildFile; fileRef = 12BAF46E26203349001B036C /* startButtonSE.mp3 */; };
		12BAF47426204129001B036C /* correct.png in Resources */ = {isa = PBXBuildFile; fileRef = 12BAF47326204129001B036C /* correct.png */; };
		12BAF47726204132001B036C /* incorrect.png in Resources */ = {isa = PBXBuildFile; fileRef = 12BAF47626204132001B036C /* incorrect.png */; };
		12BAF47B26205992001B036C /* correctSE.mp3 in Resources */ = {isa = PBXBuildFile; fileRef = 12BAF47A26205992001B036C /* correctSE.mp3 */; };
		12BAF47E262059A1001B036C /* incorrectSE.mp3 in Resources */ = {isa = PBXBuildFile; fileRef = 12BAF47D262059A1001B036C /* incorrectSE.mp3 */; };
		12BAF4812620615C001B036C /* panda.png in Resources */ = {isa = PBXBuildFile; fileRef = 12BAF4802620615C001B036C /* panda.png */; };
		12BAF48426206234001B036C /* chicken.png in Resources */ = {isa = PBXBuildFile; fileRef = 12BAF48326206234001B036C /* chicken.png */; };
		12BAF4872620623F001B036C /* frog.png in Resources */ = {isa = PBXBuildFile; fileRef = 12BAF4862620623F001B036C /* frog.png */; };
		12BAF48A26206249001B036C /* lion.png in Resources */ = {isa = PBXBuildFile; fileRef = 12BAF48926206249001B036C /* lion.png */; };
		12BAF48D26206250001B036C /* rabbit.png in Resources */ = {isa = PBXBuildFile; fileRef = 12BAF48C26206250001B036C /* rabbit.png */; };
		12BAF4A026217D63001B036C /* HonobonoPop-Regular.otf in Resources */ = {isa = PBXBuildFile; fileRef = 12BAF49F26217D63001B036C /* HonobonoPop-Regular.otf */; };
		12BAF4A326218846001B036C /* crayon_1-1.ttf in Resources */ = {isa = PBXBuildFile; fileRef = 12BAF4A226218845001B036C /* crayon_1-1.ttf */; };
		12BAF4A626218D79001B036C /* mitubachiFont.ttf in Resources */ = {isa = PBXBuildFile; fileRef = 12BAF4A526218D79001B036C /* mitubachiFont.ttf */; };
		12BAF4A92621905D001B036C /* pugnomincho-mini.otf in Resources */ = {isa = PBXBuildFile; fileRef = 12BAF4A82621905C001B036C /* pugnomincho-mini.otf */; };
		12BAF4AC26219397001B036C /* pupupu-free.otf in Resources */ = {isa = PBXBuildFile; fileRef = 12BAF4AB26219397001B036C /* pupupu-free.otf */; };
		12BAF4AF26219715001B036C /* marubatu.png in Resources */ = {isa = PBXBuildFile; fileRef = 12BAF4AE26219715001B036C /* marubatu.png */; };
		D7B9715C37DEAAF73CDD90F4 /* Pods_AnimalQuiz.framework in Frameworks */ = {isa = PBXBuildFile; fileRef = 78ED875120CB70B38A367A61 /* Pods_AnimalQuiz.framework */; };
/* End PBXBuildFile section */

/* Begin PBXFileReference section */
		12BAF40B261B00AD001B036C /* AnimalQuiz.app */ = {isa = PBXFileReference; explicitFileType = wrapper.application; includeInIndex = 0; path = AnimalQuiz.app; sourceTree = BUILT_PRODUCTS_DIR; };
		12BAF40E261B00AD001B036C /* AppDelegate.swift */ = {isa = PBXFileReference; lastKnownFileType = sourcecode.swift; path = AppDelegate.swift; sourceTree = "<group>"; };
		12BAF410261B00AD001B036C /* SceneDelegate.swift */ = {isa = PBXFileReference; lastKnownFileType = sourcecode.swift; path = SceneDelegate.swift; sourceTree = "<group>"; };
		12BAF412261B00AD001B036C /* ViewController.swift */ = {isa = PBXFileReference; lastKnownFileType = sourcecode.swift; path = ViewController.swift; sourceTree = "<group>"; };
		12BAF415261B00AD001B036C /* Base */ = {isa = PBXFileReference; lastKnownFileType = file.storyboard; name = Base; path = Base.lproj/Main.storyboard; sourceTree = "<group>"; };
		12BAF417261B00AF001B036C /* Assets.xcassets */ = {isa = PBXFileReference; lastKnownFileType = folder.assetcatalog; path = Assets.xcassets; sourceTree = "<group>"; };
		12BAF41A261B00AF001B036C /* Base */ = {isa = PBXFileReference; lastKnownFileType = file.storyboard; name = Base; path = Base.lproj/LaunchScreen.storyboard; sourceTree = "<group>"; };
		12BAF41C261B00AF001B036C /* Info.plist */ = {isa = PBXFileReference; lastKnownFileType = text.plist.xml; path = Info.plist; sourceTree = "<group>"; };
		12BAF423261B01E2001B036C /* QuizViewController.swift */ = {isa = PBXFileReference; lastKnownFileType = sourcecode.swift; path = QuizViewController.swift; sourceTree = "<group>"; };
		12BAF426261B029F001B036C /* ScoreViewController.swift */ = {isa = PBXFileReference; lastKnownFileType = sourcecode.swift; path = ScoreViewController.swift; sourceTree = "<group>"; };
		12BAF429261B09E1001B036C /* quiz1.csv */ = {isa = PBXFileReference; lastKnownFileType = text; path = quiz1.csv; sourceTree = "<group>"; };
		12BAF432261C6906001B036C /* SelectLevelViewController.swift */ = {isa = PBXFileReference; lastKnownFileType = sourcecode.swift; path = SelectLevelViewController.swift; sourceTree = "<group>"; };
		12BAF435261C6FDA001B036C /* quiz2.csv */ = {isa = PBXFileReference; lastKnownFileType = text; path = quiz2.csv; sourceTree = "<group>"; };
		12BAF438261C702C001B036C /* quiz3.csv */ = {isa = PBXFileReference; lastKnownFileType = text; path = quiz3.csv; sourceTree = "<group>"; };
		12BAF460261EE96F001B036C /* launchImageView.png */ = {isa = PBXFileReference; lastKnownFileType = image.png; path = launchImageView.png; sourceTree = "<group>"; };
		12BAF463262002AD001B036C /* mainbgm.mp3 */ = {isa = PBXFileReference; lastKnownFileType = audio.mp3; path = mainbgm.mp3; sourceTree = "<group>"; };
		12BAF46E26203349001B036C /* startButtonSE.mp3 */ = {isa = PBXFileReference; lastKnownFileType = audio.mp3; path = startButtonSE.mp3; sourceTree = "<group>"; };
		12BAF47326204129001B036C /* correct.png */ = {isa = PBXFileReference; lastKnownFileType = image.png; path = correct.png; sourceTree = "<group>"; };
		12BAF47626204132001B036C /* incorrect.png */ = {isa = PBXFileReference; lastKnownFileType = image.png; path = incorrect.png; sourceTree = "<group>"; };
		12BAF47A26205992001B036C /* correctSE.mp3 */ = {isa = PBXFileReference; lastKnownFileType = audio.mp3; path = correctSE.mp3; sourceTree = "<group>"; };
		12BAF47D262059A1001B036C /* incorrectSE.mp3 */ = {isa = PBXFileReference; lastKnownFileType = audio.mp3; path = incorrectSE.mp3; sourceTree = "<group>"; };
		12BAF4802620615C001B036C /* panda.png */ = {isa = PBXFileReference; lastKnownFileType = image.png; path = panda.png; sourceTree = "<group>"; };
		12BAF48326206234001B036C /* chicken.png */ = {isa = PBXFileReference; lastKnownFileType = image.png; path = chicken.png; sourceTree = "<group>"; };
		12BAF4862620623F001B036C /* frog.png */ = {isa = PBXFileReference; lastKnownFileType = image.png; path = frog.png; sourceTree = "<group>"; };
		12BAF48926206249001B036C /* lion.png */ = {isa = PBXFileReference; lastKnownFileType = image.png; path = lion.png; sourceTree = "<group>"; };
		12BAF48C26206250001B036C /* rabbit.png */ = {isa = PBXFileReference; lastKnownFileType = image.png; path = rabbit.png; sourceTree = "<group>"; };
		12BAF49F26217D63001B036C /* HonobonoPop-Regular.otf */ = {isa = PBXFileReference; lastKnownFileType = file; path = "HonobonoPop-Regular.otf"; sourceTree = "<group>"; };
		12BAF4A226218845001B036C /* crayon_1-1.ttf */ = {isa = PBXFileReference; lastKnownFileType = file; path = "crayon_1-1.ttf"; sourceTree = "<group>"; };
		12BAF4A526218D79001B036C /* mitubachiFont.ttf */ = {isa = PBXFileReference; lastKnownFileType = file; path = mitubachiFont.ttf; sourceTree = "<group>"; };
		12BAF4A82621905C001B036C /* pugnomincho-mini.otf */ = {isa = PBXFileReference; lastKnownFileType = file; path = "pugnomincho-mini.otf"; sourceTree = "<group>"; };
		12BAF4AB26219397001B036C /* pupupu-free.otf */ = {isa = PBXFileReference; lastKnownFileType = file; path = "pupupu-free.otf"; sourceTree = "<group>"; };
		12BAF4AE26219715001B036C /* marubatu.png */ = {isa = PBXFileReference; lastKnownFileType = image.png; path = marubatu.png; sourceTree = "<group>"; };
		78ED875120CB70B38A367A61 /* Pods_AnimalQuiz.framework */ = {isa = PBXFileReference; explicitFileType = wrapper.framework; includeInIndex = 0; path = Pods_AnimalQuiz.framework; sourceTree = BUILT_PRODUCTS_DIR; };
		7C1A3ECE930A6E58BF1ED62D /* Pods-AnimalQuiz.debug.xcconfig */ = {isa = PBXFileReference; includeInIndex = 1; lastKnownFileType = text.xcconfig; name = "Pods-AnimalQuiz.debug.xcconfig"; path = "Target Support Files/Pods-AnimalQuiz/Pods-AnimalQuiz.debug.xcconfig"; sourceTree = "<group>"; };
		A8816D251E31CD812D26EE98 /* Pods-AnimalQuiz.release.xcconfig */ = {isa = PBXFileReference; includeInIndex = 1; lastKnownFileType = text.xcconfig; name = "Pods-AnimalQuiz.release.xcconfig"; path = "Target Support Files/Pods-AnimalQuiz/Pods-AnimalQuiz.release.xcconfig"; sourceTree = "<group>"; };
/* End PBXFileReference section */

/* Begin PBXFrameworksBuildPhase section */
		12BAF408261B00AD001B036C /* Frameworks */ = {
			isa = PBXFrameworksBuildPhase;
			buildActionMask = 2147483647;
			files = (
				D7B9715C37DEAAF73CDD90F4 /* Pods_AnimalQuiz.framework in Frameworks */,
			);
			runOnlyForDeploymentPostprocessing = 0;
		};
/* End PBXFrameworksBuildPhase section */

/* Begin PBXGroup section */
		128F01D02622734D00FD0DD2 /* fonts */ = {
			isa = PBXGroup;
			children = (
				12BAF49F26217D63001B036C /* HonobonoPop-Regular.otf */,
				12BAF4A226218845001B036C /* crayon_1-1.ttf */,
				12BAF4A526218D79001B036C /* mitubachiFont.ttf */,
				12BAF4A82621905C001B036C /* pugnomincho-mini.otf */,
				12BAF4AB26219397001B036C /* pupupu-free.otf */,
			);
			path = fonts;
			sourceTree = "<group>";
		};
		128F01D12622737D00FD0DD2 /* sounds */ = {
			isa = PBXGroup;
			children = (
				12BAF463262002AD001B036C /* mainbgm.mp3 */,
				12BAF46E26203349001B036C /* startButtonSE.mp3 */,
				12BAF47A26205992001B036C /* correctSE.mp3 */,
				12BAF47D262059A1001B036C /* incorrectSE.mp3 */,
			);
			path = sounds;
			sourceTree = "<group>";
		};
		128F01D2262273CD00FD0DD2 /* quizzes */ = {
			isa = PBXGroup;
			children = (
				12BAF429261B09E1001B036C /* quiz1.csv */,
				12BAF435261C6FDA001B036C /* quiz2.csv */,
				12BAF438261C702C001B036C /* quiz3.csv */,
			);
			path = quizzes;
			sourceTree = "<group>";
		};
		12BAF402261B00AD001B036C = {
			isa = PBXGroup;
			children = (
				12BAF40D261B00AD001B036C /* AnimalQuiz */,
				12BAF40C261B00AD001B036C /* Products */,
				BD52C1EBF17B563F59BAC1F2 /* Pods */,
				D9058EF246D7228F06F4C98A /* Frameworks */,
			);
			sourceTree = "<group>";
		};
		12BAF40C261B00AD001B036C /* Products */ = {
			isa = PBXGroup;
			children = (
				12BAF40B261B00AD001B036C /* AnimalQuiz.app */,
			);
			name = Products;
			sourceTree = "<group>";
		};
		12BAF40D261B00AD001B036C /* AnimalQuiz */ = {
			isa = PBXGroup;
			children = (
				12BAF40E261B00AD001B036C /* AppDelegate.swift */,
				12BAF410261B00AD001B036C /* SceneDelegate.swift */,
				12BAF412261B00AD001B036C /* ViewController.swift */,
				12BAF414261B00AD001B036C /* Main.storyboard */,
				12BAF432261C6906001B036C /* SelectLevelViewController.swift */,
				12BAF426261B029F001B036C /* ScoreViewController.swift */,
				12BAF423261B01E2001B036C /* QuizViewController.swift */,
				12BAF417261B00AF001B036C /* Assets.xcassets */,
				12BAF419261B00AF001B036C /* LaunchScreen.storyboard */,
				12BAF41C261B00AF001B036C /* Info.plist */,
				128F01D2262273CD00FD0DD2 /* quizzes */,
				128F01D12622737D00FD0DD2 /* sounds */,
				128F01D02622734D00FD0DD2 /* fonts */,
				12BAF42C261C418A001B036C /* images */,
				12BAF45F261EE96F001B036C /* launchImage */,
			);
			path = AnimalQuiz;
			sourceTree = "<group>";
		};
		12BAF42C261C418A001B036C /* images */ = {
			isa = PBXGroup;
			children = (
				12BAF4AE26219715001B036C /* marubatu.png */,
				12BAF48C26206250001B036C /* rabbit.png */,
				12BAF48926206249001B036C /* lion.png */,
				12BAF4862620623F001B036C /* frog.png */,
				12BAF48326206234001B036C /* chicken.png */,
				12BAF4802620615C001B036C /* panda.png */,
				12BAF47326204129001B036C /* correct.png */,
				12BAF47626204132001B036C /* incorrect.png */,
			);
			path = images;
			sourceTree = "<group>";
		};
		12BAF45F261EE96F001B036C /* launchImage */ = {
			isa = PBXGroup;
			children = (
				12BAF460261EE96F001B036C /* launchImageView.png */,
			);
			path = launchImage;
			sourceTree = "<group>";
		};
		BD52C1EBF17B563F59BAC1F2 /* Pods */ = {
			isa = PBXGroup;
			children = (
				7C1A3ECE930A6E58BF1ED62D /* Pods-AnimalQuiz.debug.xcconfig */,
				A8816D251E31CD812D26EE98 /* Pods-AnimalQuiz.release.xcconfig */,
			);
			path = Pods;
			sourceTree = "<group>";
		};
		D9058EF246D7228F06F4C98A /* Frameworks */ = {
			isa = PBXGroup;
			children = (
				78ED875120CB70B38A367A61 /* Pods_AnimalQuiz.framework */,
			);
			name = Frameworks;
			sourceTree = "<group>";
		};
/* End PBXGroup section */

/* Begin PBXNativeTarget section */
		12BAF40A261B00AD001B036C /* AnimalQuiz */ = {
			isa = PBXNativeTarget;
			buildConfigurationList = 12BAF41F261B00AF001B036C /* Build configuration list for PBXNativeTarget "AnimalQuiz" */;
			buildPhases = (
				89BAEA9527AB1D78F317CC9B /* [CP] Check Pods Manifest.lock */,
				12BAF407261B00AD001B036C /* Sources */,
				12BAF408261B00AD001B036C /* Frameworks */,
				12BAF409261B00AD001B036C /* Resources */,
				A5E026903B94826118AF0DD8 /* [CP] Embed Pods Frameworks */,
			);
			buildRules = (
			);
			dependencies = (
			);
			name = AnimalQuiz;
			productName = AnimalQuiz;
			productReference = 12BAF40B261B00AD001B036C /* AnimalQuiz.app */;
			productType = "com.apple.product-type.application";
		};
/* End PBXNativeTarget section */

/* Begin PBXProject section */
		12BAF403261B00AD001B036C /* Project object */ = {
			isa = PBXProject;
			attributes = {
				LastSwiftUpdateCheck = 1240;
				LastUpgradeCheck = 1240;
				TargetAttributes = {
					12BAF40A261B00AD001B036C = {
						CreatedOnToolsVersion = 12.4;
					};
				};
			};
			buildConfigurationList = 12BAF406261B00AD001B036C /* Build configuration list for PBXProject "AnimalQuiz" */;
			compatibilityVersion = "Xcode 9.3";
			developmentRegion = en;
			hasScannedForEncodings = 0;
			knownRegions = (
				en,
				Base,
			);
			mainGroup = 12BAF402261B00AD001B036C;
			productRefGroup = 12BAF40C261B00AD001B036C /* Products */;
			projectDirPath = "";
			projectRoot = "";
			targets = (
				12BAF40A261B00AD001B036C /* AnimalQuiz */,
			);
		};
/* End PBXProject section */

/* Begin PBXResourcesBuildPhase section */
		12BAF409261B00AD001B036C /* Resources */ = {
			isa = PBXResourcesBuildPhase;
			buildActionMask = 2147483647;
			files = (
				12BAF4A326218846001B036C /* crayon_1-1.ttf in Resources */,
				12BAF4812620615C001B036C /* panda.png in Resources */,
				12BAF4A626218D79001B036C /* mitubachiFont.ttf in Resources */,
				12BAF47426204129001B036C /* correct.png in Resources */,
				12BAF464262002AE001B036C /* mainbgm.mp3 in Resources */,
				12BAF461261EE96F001B036C /* launchImageView.png in Resources */,
				12BAF48426206234001B036C /* chicken.png in Resources */,
				12BAF48D26206250001B036C /* rabbit.png in Resources */,
				12BAF47726204132001B036C /* incorrect.png in Resources */,
				12BAF4A026217D63001B036C /* HonobonoPop-Regular.otf in Resources */,
				12BAF436261C6FDA001B036C /* quiz2.csv in Resources */,
				12BAF48A26206249001B036C /* lion.png in Resources */,
				12BAF41B261B00AF001B036C /* LaunchScreen.storyboard in Resources */,
				12BAF418261B00AF001B036C /* Assets.xcassets in Resources */,
				12BAF4872620623F001B036C /* frog.png in Resources */,
				12BAF416261B00AD001B036C /* Main.storyboard in Resources */,
				12BAF4AF26219715001B036C /* marubatu.png in Resources */,
				12BAF46F26203349001B036C /* startButtonSE.mp3 in Resources */,
				12BAF47B26205992001B036C /* correctSE.mp3 in Resources */,
				12BAF4AC26219397001B036C /* pupupu-free.otf in Resources */,
				12BAF4A92621905D001B036C /* pugnomincho-mini.otf in Resources */,
				12BAF42A261B09E1001B036C /* quiz1.csv in Resources */,
				12BAF47E262059A1001B036C /* incorrectSE.mp3 in Resources */,
				12BAF439261C702C001B036C /* quiz3.csv in Resources */,
			);
			runOnlyForDeploymentPostprocessing = 0;
		};
/* End PBXResourcesBuildPhase section */

/* Begin PBXShellScriptBuildPhase section */
		89BAEA9527AB1D78F317CC9B /* [CP] Check Pods Manifest.lock */ = {
			isa = PBXShellScriptBuildPhase;
			buildActionMask = 2147483647;
			files = (
			);
			inputFileListPaths = (
			);
			inputPaths = (
				"${PODS_PODFILE_DIR_PATH}/Podfile.lock",
				"${PODS_ROOT}/Manifest.lock",
			);
			name = "[CP] Check Pods Manifest.lock";
			outputFileListPaths = (
			);
			outputPaths = (
				"$(DERIVED_FILE_DIR)/Pods-AnimalQuiz-checkManifestLockResult.txt",
			);
			runOnlyForDeploymentPostprocessing = 0;
			shellPath = /bin/sh;
			shellScript = "diff \"${PODS_PODFILE_DIR_PATH}/Podfile.lock\" \"${PODS_ROOT}/Manifest.lock\" > /dev/null\nif [ $? != 0 ] ; then\n    # print error to STDERR\n    echo \"error: The sandbox is not in sync with the Podfile.lock. Run 'pod install' or update your CocoaPods installation.\" >&2\n    exit 1\nfi\n# This output is used by Xcode 'outputs' to avoid re-running this script phase.\necho \"SUCCESS\" > \"${SCRIPT_OUTPUT_FILE_0}\"\n";
			showEnvVarsInLog = 0;
		};
		A5E026903B94826118AF0DD8 /* [CP] Embed Pods Frameworks */ = {
			isa = PBXShellScriptBuildPhase;
			buildActionMask = 2147483647;
			files = (
			);
			inputFileListPaths = (
				"${PODS_ROOT}/Target Support Files/Pods-AnimalQuiz/Pods-AnimalQuiz-frameworks-${CONFIGURATION}-input-files.xcfilelist",
			);
			name = "[CP] Embed Pods Frameworks";
			outputFileListPaths = (
				"${PODS_ROOT}/Target Support Files/Pods-AnimalQuiz/Pods-AnimalQuiz-frameworks-${CONFIGURATION}-output-files.xcfilelist",
			);
			runOnlyForDeploymentPostprocessing = 0;
			shellPath = /bin/sh;
			shellScript = "\"${PODS_ROOT}/Target Support Files/Pods-AnimalQuiz/Pods-AnimalQuiz-frameworks.sh\"\n";
			showEnvVarsInLog = 0;
		};
/* End PBXShellScriptBuildPhase section */

/* Begin PBXSourcesBuildPhase section */
		12BAF407261B00AD001B036C /* Sources */ = {
			isa = PBXSourcesBuildPhase;
			buildActionMask = 2147483647;
			files = (
				12BAF413261B00AD001B036C /* ViewController.swift in Sources */,
				12BAF40F261B00AD001B036C /* AppDelegate.swift in Sources */,
				12BAF427261B029F001B036C /* ScoreViewController.swift in Sources */,
				12BAF411261B00AD001B036C /* SceneDelegate.swift in Sources */,
				12BAF424261B01E2001B036C /* QuizViewController.swift in Sources */,
				12BAF433261C6906001B036C /* SelectLevelViewController.swift in Sources */,
			);
			runOnlyForDeploymentPostprocessing = 0;
		};
/* End PBXSourcesBuildPhase section */

/* Begin PBXVariantGroup section */
		12BAF414261B00AD001B036C /* Main.storyboard */ = {
			isa = PBXVariantGroup;
			children = (
				12BAF415261B00AD001B036C /* Base */,
			);
			name = Main.storyboard;
			sourceTree = "<group>";
		};
		12BAF419261B00AF001B036C /* LaunchScreen.storyboard */ = {
			isa = PBXVariantGroup;
			children = (
				12BAF41A261B00AF001B036C /* Base */,
			);
			name = LaunchScreen.storyboard;
			sourceTree = "<group>";
		};
/* End PBXVariantGroup section */

/* Begin XCBuildConfiguration section */
		12BAF41D261B00AF001B036C /* Debug */ = {
			isa = XCBuildConfiguration;
			buildSettings = {
				ALWAYS_SEARCH_USER_PATHS = NO;
				CLANG_ANALYZER_NONNULL = YES;
				CLANG_ANALYZER_NUMBER_OBJECT_CONVERSION = YES_AGGRESSIVE;
				CLANG_CXX_LANGUAGE_STANDARD = "gnu++14";
				CLANG_CXX_LIBRARY = "libc++";
				CLANG_ENABLE_MODULES = YES;
				CLANG_ENABLE_OBJC_ARC = YES;
				CLANG_ENABLE_OBJC_WEAK = YES;
				CLANG_WARN_BLOCK_CAPTURE_AUTORELEASING = YES;
				CLANG_WARN_BOOL_CONVERSION = YES;
				CLANG_WARN_COMMA = YES;
				CLANG_WARN_CONSTANT_CONVERSION = YES;
				CLANG_WARN_DEPRECATED_OBJC_IMPLEMENTATIONS = YES;
				CLANG_WARN_DIRECT_OBJC_ISA_USAGE = YES_ERROR;
				CLANG_WARN_DOCUMENTATION_COMMENTS = YES;
				CLANG_WARN_EMPTY_BODY = YES;
				CLANG_WARN_ENUM_CONVERSION = YES;
				CLANG_WARN_INFINITE_RECURSION = YES;
				CLANG_WARN_INT_CONVERSION = YES;
				CLANG_WARN_NON_LITERAL_NULL_CONVERSION = YES;
				CLANG_WARN_OBJC_IMPLICIT_RETAIN_SELF = YES;
				CLANG_WARN_OBJC_LITERAL_CONVERSION = YES;
				CLANG_WARN_OBJC_ROOT_CLASS = YES_ERROR;
				CLANG_WARN_QUOTED_INCLUDE_IN_FRAMEWORK_HEADER = YES;
				CLANG_WARN_RANGE_LOOP_ANALYSIS = YES;
				CLANG_WARN_STRICT_PROTOTYPES = YES;
				CLANG_WARN_SUSPICIOUS_MOVE = YES;
				CLANG_WARN_UNGUARDED_AVAILABILITY = YES_AGGRESSIVE;
				CLANG_WARN_UNREACHABLE_CODE = YES;
				CLANG_WARN__DUPLICATE_METHOD_MATCH = YES;
				COPY_PHASE_STRIP = NO;
				DEBUG_INFORMATION_FORMAT = dwarf;
				ENABLE_STRICT_OBJC_MSGSEND = YES;
				ENABLE_TESTABILITY = YES;
				GCC_C_LANGUAGE_STANDARD = gnu11;
				GCC_DYNAMIC_NO_PIC = NO;
				GCC_NO_COMMON_BLOCKS = YES;
				GCC_OPTIMIZATION_LEVEL = 0;
				GCC_PREPROCESSOR_DEFINITIONS = (
					"DEBUG=1",
					"$(inherited)",
				);
				GCC_WARN_64_TO_32_BIT_CONVERSION = YES;
				GCC_WARN_ABOUT_RETURN_TYPE = YES_ERROR;
				GCC_WARN_UNDECLARED_SELECTOR = YES;
				GCC_WARN_UNINITIALIZED_AUTOS = YES_AGGRESSIVE;
				GCC_WARN_UNUSED_FUNCTION = YES;
				GCC_WARN_UNUSED_VARIABLE = YES;
				IPHONEOS_DEPLOYMENT_TARGET = 14.4;
				MTL_ENABLE_DEBUG_INFO = INCLUDE_SOURCE;
				MTL_FAST_MATH = YES;
				ONLY_ACTIVE_ARCH = YES;
				SDKROOT = iphoneos;
				SWIFT_ACTIVE_COMPILATION_CONDITIONS = DEBUG;
				SWIFT_OPTIMIZATION_LEVEL = "-Onone";
			};
			name = Debug;
		};
		12BAF41E261B00AF001B036C /* Release */ = {
			isa = XCBuildConfiguration;
			buildSettings = {
				ALWAYS_SEARCH_USER_PATHS = NO;
				CLANG_ANALYZER_NONNULL = YES;
				CLANG_ANALYZER_NUMBER_OBJECT_CONVERSION = YES_AGGRESSIVE;
				CLANG_CXX_LANGUAGE_STANDARD = "gnu++14";
				CLANG_CXX_LIBRARY = "libc++";
				CLANG_ENABLE_MODULES = YES;
				CLANG_ENABLE_OBJC_ARC = YES;
				CLANG_ENABLE_OBJC_WEAK = YES;
				CLANG_WARN_BLOCK_CAPTURE_AUTORELEASING = YES;
				CLANG_WARN_BOOL_CONVERSION = YES;
				CLANG_WARN_COMMA = YES;
				CLANG_WARN_CONSTANT_CONVERSION = YES;
				CLANG_WARN_DEPRECATED_OBJC_IMPLEMENTATIONS = YES;
				CLANG_WARN_DIRECT_OBJC_ISA_USAGE = YES_ERROR;
				CLANG_WARN_DOCUMENTATION_COMMENTS = YES;
				CLANG_WARN_EMPTY_BODY = YES;
				CLANG_WARN_ENUM_CONVERSION = YES;
				CLANG_WARN_INFINITE_RECURSION = YES;
				CLANG_WARN_INT_CONVERSION = YES;
				CLANG_WARN_NON_LITERAL_NULL_CONVERSION = YES;
				CLANG_WARN_OBJC_IMPLICIT_RETAIN_SELF = YES;
				CLANG_WARN_OBJC_LITERAL_CONVERSION = YES;
				CLANG_WARN_OBJC_ROOT_CLASS = YES_ERROR;
				CLANG_WARN_QUOTED_INCLUDE_IN_FRAMEWORK_HEADER = YES;
				CLANG_WARN_RANGE_LOOP_ANALYSIS = YES;
				CLANG_WARN_STRICT_PROTOTYPES = YES;
				CLANG_WARN_SUSPICIOUS_MOVE = YES;
				CLANG_WARN_UNGUARDED_AVAILABILITY = YES_AGGRESSIVE;
				CLANG_WARN_UNREACHABLE_CODE = YES;
				CLANG_WARN__DUPLICATE_METHOD_MATCH = YES;
				COPY_PHASE_STRIP = NO;
				DEBUG_INFORMATION_FORMAT = "dwarf-with-dsym";
				ENABLE_NS_ASSERTIONS = NO;
				ENABLE_STRICT_OBJC_MSGSEND = YES;
				GCC_C_LANGUAGE_STANDARD = gnu11;
				GCC_NO_COMMON_BLOCKS = YES;
				GCC_WARN_64_TO_32_BIT_CONVERSION = YES;
				GCC_WARN_ABOUT_RETURN_TYPE = YES_ERROR;
				GCC_WARN_UNDECLARED_SELECTOR = YES;
				GCC_WARN_UNINITIALIZED_AUTOS = YES_AGGRESSIVE;
				GCC_WARN_UNUSED_FUNCTION = YES;
				GCC_WARN_UNUSED_VARIABLE = YES;
				IPHONEOS_DEPLOYMENT_TARGET = 14.4;
				MTL_ENABLE_DEBUG_INFO = NO;
				MTL_FAST_MATH = YES;
				SDKROOT = iphoneos;
				SWIFT_COMPILATION_MODE = wholemodule;
				SWIFT_OPTIMIZATION_LEVEL = "-O";
				VALIDATE_PRODUCT = YES;
			};
			name = Release;
		};
		12BAF420261B00AF001B036C /* Debug */ = {
			isa = XCBuildConfiguration;
			baseConfigurationReference = 7C1A3ECE930A6E58BF1ED62D /* Pods-AnimalQuiz.debug.xcconfig */;
			buildSettings = {
				ASSETCATALOG_COMPILER_APPICON_NAME = AppIcon;
				ASSETCATALOG_COMPILER_GLOBAL_ACCENT_COLOR_NAME = AccentColor;
				CODE_SIGN_STYLE = Automatic;
				DEVELOPMENT_TEAM = X7675UWH79;
				INFOPLIST_FILE = AnimalQuiz/Info.plist;
				LD_RUNPATH_SEARCH_PATHS = (
					"$(inherited)",
					"@executable_path/Frameworks",
				);
				PRODUCT_BUNDLE_IDENTIFIER = com.ginpen.AnimalQuiz;
				PRODUCT_NAME = "$(TARGET_NAME)";
				SWIFT_VERSION = 5.0;
				TARGETED_DEVICE_FAMILY = 1;
			};
			name = Debug;
		};
		12BAF421261B00AF001B036C /* Release */ = {
			isa = XCBuildConfiguration;
			baseConfigurationReference = A8816D251E31CD812D26EE98 /* Pods-AnimalQuiz.release.xcconfig */;
			buildSettings = {
				ASSETCATALOG_COMPILER_APPICON_NAME = AppIcon;
				ASSETCATALOG_COMPILER_GLOBAL_ACCENT_COLOR_NAME = AccentColor;
				CODE_SIGN_STYLE = Automatic;
				DEVELOPMENT_TEAM = X7675UWH79;
				INFOPLIST_FILE = AnimalQuiz/Info.plist;
				LD_RUNPATH_SEARCH_PATHS = (
					"$(inherited)",
					"@executable_path/Frameworks",
				);
				PRODUCT_BUNDLE_IDENTIFIER = com.ginpen.AnimalQuiz;
				PRODUCT_NAME = "$(TARGET_NAME)";
				SWIFT_VERSION = 5.0;
				TARGETED_DEVICE_FAMILY = 1;
			};
			name = Release;
		};
/* End XCBuildConfiguration section */

/* Begin XCConfigurationList section */
		12BAF406261B00AD001B036C /* Build configuration list for PBXProject "AnimalQuiz" */ = {
			isa = XCConfigurationList;
			buildConfigurations = (
				12BAF41D261B00AF001B036C /* Debug */,
				12BAF41E261B00AF001B036C /* Release */,
			);
			defaultConfigurationIsVisible = 0;
			defaultConfigurationName = Release;
		};
		12BAF41F261B00AF001B036C /* Build configuration list for PBXNativeTarget "AnimalQuiz" */ = {
			isa = XCConfigurationList;
			buildConfigurations = (
				12BAF420261B00AF001B036C /* Debug */,
				12BAF421261B00AF001B036C /* Release */,
			);
			defaultConfigurationIsVisible = 0;
			defaultConfigurationName = Release;
		};
/* End XCConfigurationList section */
	};
	rootObject = 12BAF403261B00AD001B036C /* Project object */;
}
